{
    "_readme": [
        "This file locks the dependencies of your project to a known state",
        "Read more about it at http://getcomposer.org/doc/01-basic-usage.md#composer-lock-the-lock-file"
    ],
    "hash": "f39292b47f646782ed27c760cbb06c17",
    "packages": [
        {
            "name": "illuminate/support",
            "version": "v4.1.9",
            "target-dir": "Illuminate/Support",
            "source": {
                "type": "git",
                "url": "https://github.com/illuminate/support.git",
                "reference": "5625c8d61171f57da3495d2163370b03c0cfa94a"
            },
            "dist": {
                "type": "zip",
                "url": "https://api.github.com/repos/illuminate/support/zipball/5625c8d61171f57da3495d2163370b03c0cfa94a",
                "reference": "5625c8d61171f57da3495d2163370b03c0cfa94a",
                "shasum": ""
            },
            "require": {
                "php": ">=5.3.0"
            },
            "require-dev": {
                "mockery/mockery": "0.7.2",
                "patchwork/utf8": "1.1.*",
                "phpunit/phpunit": "3.7.*"
            },
            "type": "library",
            "extra": {
                "branch-alias": {
                    "dev-master": "4.1-dev"
                }
            },
            "autoload": {
                "psr-0": {
                    "Illuminate\\Support": ""
                },
                "files": [
                    "Illuminate/Support/helpers.php"
                ]
            },
            "notification-url": "https://packagist.org/downloads/",
            "license": [
                "MIT"
            ],
            "authors": [
                {
                    "name": "Taylor Otwell",
                    "email": "taylorotwell@gmail.com",
                    "homepage": "https://github.com/taylorotwell",
                    "role": "Developer"
                }
            ],
            "time": "2013-12-12 13:21:25"
        }
    ],
    "packages-dev": [

    ],
    "aliases": [

    ],
    "minimum-stability": "stable",
    "stability-flags": [

    ],
    "platform": {
        "php": ">=5.3.0",
        "ext-gd": "*"
    },
    "platform-dev": [

    ]
}
